
Microsoft Visual Studio Solution File, Format Version 12.00
# Visual Studio Version 17
VisualStudioVersion = 17.8.34525.116
MinimumVisualStudioVersion = 10.0.40219.1
Project("{FAE04EC0-301F-11D3-BF4B-00C04F79EFBC}") = "Fantasy.Backend", "Fantasy.Backend\Fantasy.Backend.csproj", "{CEB6D0D9-F97E-43BF-9B97-2C1B0F56906B}"
EndProject
Project("{FAE04EC0-301F-11D3-BF4B-00C04F79EFBC}") = "Fantasy. Frontend", "Fantasy. Frontend\Fantasy. Frontend.csproj", "{88C78A54-DFEC-4086-9FA1-D2CEC261ECF8}"
EndProject
Project("{FAE04EC0-301F-11D3-BF4B-00C04F79EFBC}") = "Fantasy.Shared", "Fantasy.Shared\Fantasy.Shared.csproj", "{1CF83941-BCF8-42B9-98F7-78D6AA823DC5}"
EndProject
Project("{FAE04EC0-301F-11D3-BF4B-00C04F79EFBC}") = "Fantasy.Tests", "Fantasy.Tests\Fantasy.Tests.csproj", "{2B3D6BB7-B6BA-4179-B339-41B6F768D782}"
EndProject
Global
	GlobalSection(SolutionConfigurationPlatforms) = preSolution
		Debug|Any CPU = Debug|Any CPU
		Release|Any CPU = Release|Any CPU
	EndGlobalSection
	GlobalSection(ProjectConfigurationPlatforms) = postSolution
		{CEB6D0D9-F97E-43BF-9B97-2C1B0F56906B}.Debug|Any CPU.ActiveCfg = Debug|Any CPU
		{CEB6D0D9-F97E-43BF-9B97-2C1B0F56906B}.Debug|Any CPU.Build.0 = Debug|Any CPU
		{CEB6D0D9-F97E-43BF-9B97-2C1B0F56906B}.Release|Any CPU.ActiveCfg = Release|Any CPU
		{CEB6D0D9-F97E-43BF-9B97-2C1B0F56906B}.Release|Any CPU.Build.0 = Release|Any CPU
		{88C78A54-DFEC-4086-9FA1-D2CEC261ECF8}.Debug|Any CPU.ActiveCfg = Debug|Any CPU
		{88C78A54-DFEC-4086-9FA1-D2CEC261ECF8}.Debug|Any CPU.Build.0 = Debug|Any CPU
		{88C78A54-DFEC-4086-9FA1-D2CEC261ECF8}.Release|Any CPU.ActiveCfg = Release|Any CPU
		{88C78A54-DFEC-4086-9FA1-D2CEC261ECF8}.Release|Any CPU.Build.0 = Release|Any CPU
		{1CF83941-BCF8-42B9-98F7-78D6AA823DC5}.Debug|Any CPU.ActiveCfg = Debug|Any CPU
		{1CF83941-BCF8-42B9-98F7-78D6AA823DC5}.Debug|Any CPU.Build.0 = Debug|Any CPU
		{1CF83941-BCF8-42B9-98F7-78D6AA823DC5}.Release|Any CPU.ActiveCfg = Release|Any CPU
		{1CF83941-BCF8-42B9-98F7-78D6AA823DC5}.Release|Any CPU.Build.0 = Release|Any CPU
		{2B3D6BB7-B6BA-4179-B339-41B6F768D782}.Debug|Any CPU.ActiveCfg = Debug|Any CPU
		{2B3D6BB7-B6BA-4179-B339-41B6F768D782}.Debug|Any CPU.Build.0 = Debug|Any CPU
		{2B3D6BB7-B6BA-4179-B339-41B6F768D782}.Release|Any CPU.ActiveCfg = Release|Any CPU
		{2B3D6BB7-B6BA-4179-B339-41B6F768D782}.Release|Any CPU.Build.0 = Release|Any CPU
	EndGlobalSection
	GlobalSection(SolutionProperties) = preSolution
		HideSolutionNode = FALSE
	EndGlobalSection
	GlobalSection(ExtensibilityGlobals) = postSolution
		SolutionGuid = {7669B30B-AD71-4921-ADDF-A06687B69A39}
	EndGlobalSection
EndGlobal
